
Microsoft Visual Studio Solution File, Format Version 12.00
# Visual Studio Version 17
VisualStudioVersion = 17.3.32901.215
MinimumVisualStudioVersion = 10.0.40219.1
Project("{2150E333-8FDC-42A3-9474-1A3956D46DE8}") = "Services", "Services", "{2FB7B5FF-8FFB-4C2D-9983-6420AA643CC6}"
EndProject
Project("{2150E333-8FDC-42A3-9474-1A3956D46DE8}") = "Catalog", "Catalog", "{3C7CABF5-225C-463F-8406-207CC7DCB520}"
EndProject
Project("{9A19103F-16F7-4668-BE54-9A1E7A4F7556}") = "Catalog.API", "Services\Catalog\Catalog.API\Catalog.API.csproj", "{6F30D7B8-0F26-45E3-A8AF-7EB85DCBC30F}"
EndProject
Project("{E53339B2-1760-4266-BCC7-CA923CBCF16C}") = "docker-compose", "docker-compose.dcproj", "{EA45857A-2B72-481F-8337-C5CF2339DD9D}"
EndProject
Project("{2150E333-8FDC-42A3-9474-1A3956D46DE8}") = "Basket", "Basket", "{7AAC776D-618F-4B2A-BAB6-778FF8D44A59}"
EndProject
Project("{FAE04EC0-301F-11D3-BF4B-00C04F79EFBC}") = "Basket.API", "Services\Basket\Basket.API\Basket.API.csproj", "{793DDD40-8D29-4067-8462-2A7C2BA38A1D}"
EndProject
Global
	GlobalSection(SolutionConfigurationPlatforms) = preSolution
		Debug|Any CPU = Debug|Any CPU
		Release|Any CPU = Release|Any CPU
	EndGlobalSection
	GlobalSection(ProjectConfigurationPlatforms) = postSolution
		{6F30D7B8-0F26-45E3-A8AF-7EB85DCBC30F}.Debug|Any CPU.ActiveCfg = Debug|Any CPU
		{6F30D7B8-0F26-45E3-A8AF-7EB85DCBC30F}.Debug|Any CPU.Build.0 = Debug|Any CPU
		{6F30D7B8-0F26-45E3-A8AF-7EB85DCBC30F}.Release|Any CPU.ActiveCfg = Release|Any CPU
		{6F30D7B8-0F26-45E3-A8AF-7EB85DCBC30F}.Release|Any CPU.Build.0 = Release|Any CPU
		{EA45857A-2B72-481F-8337-C5CF2339DD9D}.Debug|Any CPU.ActiveCfg = Debug|Any CPU
		{EA45857A-2B72-481F-8337-C5CF2339DD9D}.Debug|Any CPU.Build.0 = Debug|Any CPU
		{EA45857A-2B72-481F-8337-C5CF2339DD9D}.Release|Any CPU.ActiveCfg = Release|Any CPU
		{EA45857A-2B72-481F-8337-C5CF2339DD9D}.Release|Any CPU.Build.0 = Release|Any CPU
		{793DDD40-8D29-4067-8462-2A7C2BA38A1D}.Debug|Any CPU.ActiveCfg = Debug|Any CPU
		{793DDD40-8D29-4067-8462-2A7C2BA38A1D}.Debug|Any CPU.Build.0 = Debug|Any CPU
		{793DDD40-8D29-4067-8462-2A7C2BA38A1D}.Release|Any CPU.ActiveCfg = Release|Any CPU
		{793DDD40-8D29-4067-8462-2A7C2BA38A1D}.Release|Any CPU.Build.0 = Release|Any CPU
	EndGlobalSection
	GlobalSection(SolutionProperties) = preSolution
		HideSolutionNode = FALSE
	EndGlobalSection
	GlobalSection(NestedProjects) = preSolution
		{3C7CABF5-225C-463F-8406-207CC7DCB520} = {2FB7B5FF-8FFB-4C2D-9983-6420AA643CC6}
		{6F30D7B8-0F26-45E3-A8AF-7EB85DCBC30F} = {3C7CABF5-225C-463F-8406-207CC7DCB520}
		{7AAC776D-618F-4B2A-BAB6-778FF8D44A59} = {2FB7B5FF-8FFB-4C2D-9983-6420AA643CC6}
		{793DDD40-8D29-4067-8462-2A7C2BA38A1D} = {7AAC776D-618F-4B2A-BAB6-778FF8D44A59}
	EndGlobalSection
	GlobalSection(ExtensibilityGlobals) = postSolution
		SolutionGuid = {C96700BE-F820-4217-A381-0792CF5F30D2}
	EndGlobalSection
EndGlobal
